PODS:
  - Google-Mobile-Ads-SDK (11.5.0):
    - GoogleUserMessagingPlatform (>= 1.1)
  - GoogleUserMessagingPlatform (2.4.0)
  - NewYorkAlert (1.0.0)
  - SVProgressHUD (2.2.5)

DEPENDENCIES:
  - Google-Mobile-Ads-SDK
  - NewYorkAlert
  - SVProgressHUD

SPEC REPOS:
  trunk:
    - Google-Mobile-Ads-SDK
    - GoogleUserMessagingPlatform
    - NewYorkAlert
    - SVProgressHUD

SPEC CHECKSUMS:
  Google-Mobile-Ads-SDK: 7db2098033ad3bfcd72a11e7503b49700a93029e
  GoogleUserMessagingPlatform: f131fa7978d2ba88d7426702b057c2cc318e6595
  NewYorkAlert: cf254ead7dabf55f3bdb728e56673a855034722f
  SVProgressHUD: 1428aafac632c1f86f62aa4243ec12008d7a51d6

PODFILE CHECKSUM: 6a4f162c3cd4900303a98e4748b3c214fd4cd9ef

COCOAPODS: 1.15.2
